// !$*UTF8*$!
{
	archiveVersion = 1;
	classes = {
	};
	objectVersion = 56;
	objects = {

/* Begin PBXBuildFile section */
		4B6638482A409C7400F3785C /* PratoAVistaApp.swift in Sources */ = {isa = PBXBuildFile; fileRef = 4B6638472A409C7400F3785C /* PratoAVistaApp.swift */; };
		4B66384A2A409C7400F3785C /* ContentView.swift in Sources */ = {isa = PBXBuildFile; fileRef = 4B6638492A409C7400F3785C /* ContentView.swift */; };
		4B66384C2A409C7500F3785C /* Assets.xcassets in Resources */ = {isa = PBXBuildFile; fileRef = 4B66384B2A409C7500F3785C /* Assets.xcassets */; };
		4B66384F2A409C7500F3785C /* Preview Assets.xcassets in Resources */ = {isa = PBXBuildFile; fileRef = 4B66384E2A409C7500F3785C /* Preview Assets.xcassets */; };
		4B6638592A409C7500F3785C /* PratoAVistaTests.swift in Sources */ = {isa = PBXBuildFile; fileRef = 4B6638582A409C7500F3785C /* PratoAVistaTests.swift */; };
		4B6638632A409C7500F3785C /* PratoAVistaUITests.swift in Sources */ = {isa = PBXBuildFile; fileRef = 4B6638622A409C7500F3785C /* PratoAVistaUITests.swift */; };
		4B6638652A409C7500F3785C /* PratoAVistaUITestsLaunchTests.swift in Sources */ = {isa = PBXBuildFile; fileRef = 4B6638642A409C7500F3785C /* PratoAVistaUITestsLaunchTests.swift */; };
		4BBE40EB2A43361D00C555F3 /* RestaurantModel.swift in Sources */ = {isa = PBXBuildFile; fileRef = 4BBE40EA2A43361D00C555F3 /* RestaurantModel.swift */; };
		4BBE40EE2A43365100C555F3 /* RestaurantCard.swift in Sources */ = {isa = PBXBuildFile; fileRef = 4BBE40ED2A43365100C555F3 /* RestaurantCard.swift */; };
		4BBE40F22A433E9300C555F3 /* RestaurantMockup.swift in Sources */ = {isa = PBXBuildFile; fileRef = 4BBE40EF2A4336A100C555F3 /* RestaurantMockup.swift */; };
		4BBE40F52A43406500C555F3 /* FoodModel.swift in Sources */ = {isa = PBXBuildFile; fileRef = 4BBE40F42A43406500C555F3 /* FoodModel.swift */; };
		4BBE40F72A43407B00C555F3 /* FoodCard.swift in Sources */ = {isa = PBXBuildFile; fileRef = 4BBE40F62A43407B00C555F3 /* FoodCard.swift */; };
		4BBE40F92A43408A00C555F3 /* FoodMockup.swift in Sources */ = {isa = PBXBuildFile; fileRef = 4BBE40F82A43408A00C555F3 /* FoodMockup.swift */; };
		4BBE40FB2A4342F800C555F3 /* CardsFoodView.swift in Sources */ = {isa = PBXBuildFile; fileRef = 4BBE40FA2A4342F800C555F3 /* CardsFoodView.swift */; };
		FF46FA4E2A41D941008A3D28 /* ZoomImage.swift in Sources */ = {isa = PBXBuildFile; fileRef = FF46FA4D2A41D941008A3D28 /* ZoomImage.swift */; };
		FF8EBC562A40A58D002825C6 /* LocationsDataService.swift in Sources */ = {isa = PBXBuildFile; fileRef = FF8EBC552A40A58D002825C6 /* LocationsDataService.swift */; };
		FF8EBC5A2A40A5B7002825C6 /* Location.swift in Sources */ = {isa = PBXBuildFile; fileRef = FF8EBC592A40A5B7002825C6 /* Location.swift */; };
		FF8EBC5C2A40A5CD002825C6 /* LocationViewModel.swift in Sources */ = {isa = PBXBuildFile; fileRef = FF8EBC5B2A40A5CD002825C6 /* LocationViewModel.swift */; };
		FF8EBC602A40A60B002825C6 /* LocationsView.swift in Sources */ = {isa = PBXBuildFile; fileRef = FF8EBC5F2A40A60B002825C6 /* LocationsView.swift */; };
		FF8EBC622A40A633002825C6 /* LocationsPreviewVIew.swift in Sources */ = {isa = PBXBuildFile; fileRef = FF8EBC612A40A633002825C6 /* LocationsPreviewVIew.swift */; };
		FF8EBC642A40A653002825C6 /* LocationMapAnnotationView.swift in Sources */ = {isa = PBXBuildFile; fileRef = FF8EBC632A40A653002825C6 /* LocationMapAnnotationView.swift */; };
		FF8EBC662A40A669002825C6 /* LocationDetailView.swift in Sources */ = {isa = PBXBuildFile; fileRef = FF8EBC652A40A669002825C6 /* LocationDetailView.swift */; };
		FF8EBC682A40A6BF002825C6 /* LocationsListView.swift in Sources */ = {isa = PBXBuildFile; fileRef = FF8EBC672A40A6BF002825C6 /* LocationsListView.swift */; };
/* End PBXBuildFile section */

/* Begin PBXContainerItemProxy section */
		4B6638552A409C7500F3785C /* PBXContainerItemProxy */ = {
			isa = PBXContainerItemProxy;
			containerPortal = 4B66383C2A409C7400F3785C /* Project object */;
			proxyType = 1;
			remoteGlobalIDString = 4B6638432A409C7400F3785C;
			remoteInfo = PratoAVista;
		};
		4B66385F2A409C7500F3785C /* PBXContainerItemProxy */ = {
			isa = PBXContainerItemProxy;
			containerPortal = 4B66383C2A409C7400F3785C /* Project object */;
			proxyType = 1;
			remoteGlobalIDString = 4B6638432A409C7400F3785C;
			remoteInfo = PratoAVista;
		};
/* End PBXContainerItemProxy section */

/* Begin PBXFileReference section */
		0B7427B92A40B84600394AA3 /* PratoAVista.entitlements */ = {isa = PBXFileReference; lastKnownFileType = text.plist.entitlements; path = PratoAVista.entitlements; sourceTree = "<group>"; };
		4B6638442A409C7400F3785C /* PratoAVista.app */ = {isa = PBXFileReference; explicitFileType = wrapper.application; includeInIndex = 0; path = PratoAVista.app; sourceTree = BUILT_PRODUCTS_DIR; };
		4B6638472A409C7400F3785C /* PratoAVistaApp.swift */ = {isa = PBXFileReference; lastKnownFileType = sourcecode.swift; path = PratoAVistaApp.swift; sourceTree = "<group>"; };
		4B6638492A409C7400F3785C /* ContentView.swift */ = {isa = PBXFileReference; lastKnownFileType = sourcecode.swift; path = ContentView.swift; sourceTree = "<group>"; };
		4B66384B2A409C7500F3785C /* Assets.xcassets */ = {isa = PBXFileReference; lastKnownFileType = folder.assetcatalog; path = Assets.xcassets; sourceTree = "<group>"; };
		4B66384E2A409C7500F3785C /* Preview Assets.xcassets */ = {isa = PBXFileReference; lastKnownFileType = folder.assetcatalog; path = "Preview Assets.xcassets"; sourceTree = "<group>"; };
		4B6638542A409C7500F3785C /* PratoAVistaTests.xctest */ = {isa = PBXFileReference; explicitFileType = wrapper.cfbundle; includeInIndex = 0; path = PratoAVistaTests.xctest; sourceTree = BUILT_PRODUCTS_DIR; };
		4B6638582A409C7500F3785C /* PratoAVistaTests.swift */ = {isa = PBXFileReference; lastKnownFileType = sourcecode.swift; path = PratoAVistaTests.swift; sourceTree = "<group>"; };
		4B66385E2A409C7500F3785C /* PratoAVistaUITests.xctest */ = {isa = PBXFileReference; explicitFileType = wrapper.cfbundle; includeInIndex = 0; path = PratoAVistaUITests.xctest; sourceTree = BUILT_PRODUCTS_DIR; };
		4B6638622A409C7500F3785C /* PratoAVistaUITests.swift */ = {isa = PBXFileReference; lastKnownFileType = sourcecode.swift; path = PratoAVistaUITests.swift; sourceTree = "<group>"; };
		4B6638642A409C7500F3785C /* PratoAVistaUITestsLaunchTests.swift */ = {isa = PBXFileReference; lastKnownFileType = sourcecode.swift; path = PratoAVistaUITestsLaunchTests.swift; sourceTree = "<group>"; };
		4BBE40EA2A43361D00C555F3 /* RestaurantModel.swift */ = {isa = PBXFileReference; lastKnownFileType = sourcecode.swift; path = RestaurantModel.swift; sourceTree = "<group>"; };
		4BBE40ED2A43365100C555F3 /* RestaurantCard.swift */ = {isa = PBXFileReference; lastKnownFileType = sourcecode.swift; path = RestaurantCard.swift; sourceTree = "<group>"; };
		4BBE40EF2A4336A100C555F3 /* RestaurantMockup.swift */ = {isa = PBXFileReference; lastKnownFileType = sourcecode.swift; path = RestaurantMockup.swift; sourceTree = "<group>"; };
		4BBE40F42A43406500C555F3 /* FoodModel.swift */ = {isa = PBXFileReference; lastKnownFileType = sourcecode.swift; path = FoodModel.swift; sourceTree = "<group>"; };
		4BBE40F62A43407B00C555F3 /* FoodCard.swift */ = {isa = PBXFileReference; lastKnownFileType = sourcecode.swift; path = FoodCard.swift; sourceTree = "<group>"; };
		4BBE40F82A43408A00C555F3 /* FoodMockup.swift */ = {isa = PBXFileReference; lastKnownFileType = sourcecode.swift; path = FoodMockup.swift; sourceTree = "<group>"; };
		4BBE40FA2A4342F800C555F3 /* CardsFoodView.swift */ = {isa = PBXFileReference; lastKnownFileType = sourcecode.swift; path = CardsFoodView.swift; sourceTree = "<group>"; };
		FF46FA4D2A41D941008A3D28 /* ZoomImage.swift */ = {isa = PBXFileReference; lastKnownFileType = sourcecode.swift; path = ZoomImage.swift; sourceTree = "<group>"; };
		FF8EBC552A40A58D002825C6 /* LocationsDataService.swift */ = {isa = PBXFileReference; lastKnownFileType = sourcecode.swift; path = LocationsDataService.swift; sourceTree = "<group>"; };
		FF8EBC592A40A5B7002825C6 /* Location.swift */ = {isa = PBXFileReference; lastKnownFileType = sourcecode.swift; path = Location.swift; sourceTree = "<group>"; };
		FF8EBC5B2A40A5CD002825C6 /* LocationViewModel.swift */ = {isa = PBXFileReference; lastKnownFileType = sourcecode.swift; path = LocationViewModel.swift; sourceTree = "<group>"; };
		FF8EBC5F2A40A60B002825C6 /* LocationsView.swift */ = {isa = PBXFileReference; lastKnownFileType = sourcecode.swift; path = LocationsView.swift; sourceTree = "<group>"; };
		FF8EBC612A40A633002825C6 /* LocationsPreviewVIew.swift */ = {isa = PBXFileReference; lastKnownFileType = sourcecode.swift; path = LocationsPreviewVIew.swift; sourceTree = "<group>"; };
		FF8EBC632A40A653002825C6 /* LocationMapAnnotationView.swift */ = {isa = PBXFileReference; lastKnownFileType = sourcecode.swift; path = LocationMapAnnotationView.swift; sourceTree = "<group>"; };
		FF8EBC652A40A669002825C6 /* LocationDetailView.swift */ = {isa = PBXFileReference; lastKnownFileType = sourcecode.swift; path = LocationDetailView.swift; sourceTree = "<group>"; };
		FF8EBC672A40A6BF002825C6 /* LocationsListView.swift */ = {isa = PBXFileReference; lastKnownFileType = sourcecode.swift; path = LocationsListView.swift; sourceTree = "<group>"; };
		FFF808362A40B7540089D77E /* PratoAVistaTests.xctestplan */ = {isa = PBXFileReference; lastKnownFileType = text; path = PratoAVistaTests.xctestplan; sourceTree = "<group>"; };
/* End PBXFileReference section */

/* Begin PBXFrameworksBuildPhase section */
		4B6638412A409C7400F3785C /* Frameworks */ = {
			isa = PBXFrameworksBuildPhase;
			buildActionMask = 2147483647;
			files = (
			);
			runOnlyForDeploymentPostprocessing = 0;
		};
		4B6638512A409C7500F3785C /* Frameworks */ = {
			isa = PBXFrameworksBuildPhase;
			buildActionMask = 2147483647;
			files = (
			);
			runOnlyForDeploymentPostprocessing = 0;
		};
		4B66385B2A409C7500F3785C /* Frameworks */ = {
			isa = PBXFrameworksBuildPhase;
			buildActionMask = 2147483647;
			files = (
			);
			runOnlyForDeploymentPostprocessing = 0;
		};
/* End PBXFrameworksBuildPhase section */

/* Begin PBXGroup section */
		4B66383B2A409C7400F3785C = {
			isa = PBXGroup;
			children = (
				FFF808362A40B7540089D77E /* PratoAVistaTests.xctestplan */,
				4B6638462A409C7400F3785C /* PratoAVista */,
				4B6638572A409C7500F3785C /* PratoAVistaTests */,
				4B6638612A409C7500F3785C /* PratoAVistaUITests */,
				4B6638452A409C7400F3785C /* Products */,
			);
			sourceTree = "<group>";
		};
		4B6638452A409C7400F3785C /* Products */ = {
			isa = PBXGroup;
			children = (
				4B6638442A409C7400F3785C /* PratoAVista.app */,
				4B6638542A409C7500F3785C /* PratoAVistaTests.xctest */,
				4B66385E2A409C7500F3785C /* PratoAVistaUITests.xctest */,
			);
			name = Products;
			sourceTree = "<group>";
		};
		4B6638462A409C7400F3785C /* PratoAVista */ = {
			isa = PBXGroup;
			children = (
				0B7427B92A40B84600394AA3 /* PratoAVista.entitlements */,
				4B6638472A409C7400F3785C /* PratoAVistaApp.swift */,
				FF8EBC582A40A5AC002825C6 /* Model */,
				FF8EBC5D2A40A5DE002825C6 /* View */,
				FF8EBC572A40A5A1002825C6 /* ViewModel */,
				FF8EBC542A40A569002825C6 /* DataService */,
				4B66384B2A409C7500F3785C /* Assets.xcassets */,
				4B66384D2A409C7500F3785C /* Preview Content */,
			);
			path = PratoAVista;
			sourceTree = "<group>";
		};
		4B66384D2A409C7500F3785C /* Preview Content */ = {
			isa = PBXGroup;
			children = (
				4B66384E2A409C7500F3785C /* Preview Assets.xcassets */,
			);
			path = "Preview Content";
			sourceTree = "<group>";
		};
		4B6638572A409C7500F3785C /* PratoAVistaTests */ = {
			isa = PBXGroup;
			children = (
				4B6638582A409C7500F3785C /* PratoAVistaTests.swift */,
			);
			path = PratoAVistaTests;
			sourceTree = "<group>";
		};
		4B6638612A409C7500F3785C /* PratoAVistaUITests */ = {
			isa = PBXGroup;
			children = (
				4B6638622A409C7500F3785C /* PratoAVistaUITests.swift */,
				4B6638642A409C7500F3785C /* PratoAVistaUITestsLaunchTests.swift */,
			);
			path = PratoAVistaUITests;
			sourceTree = "<group>";
		};
		4BBE40EC2A43363A00C555F3 /* Restaurants */ = {
			isa = PBXGroup;
			children = (
				4BBE40ED2A43365100C555F3 /* RestaurantCard.swift */,
				4BBE40EF2A4336A100C555F3 /* RestaurantMockup.swift */,
			);
			path = Restaurants;
			sourceTree = "<group>";
		};
		4BBE40F32A43404900C555F3 /* Foods */ = {
			isa = PBXGroup;
			children = (
				4BBE40F62A43407B00C555F3 /* FoodCard.swift */,
				4BBE40F82A43408A00C555F3 /* FoodMockup.swift */,
			);
			path = Foods;
			sourceTree = "<group>";
		};
		FF8EBC542A40A569002825C6 /* DataService */ = {
			isa = PBXGroup;
			children = (
				FF8EBC552A40A58D002825C6 /* LocationsDataService.swift */,
			);
			path = DataService;
			sourceTree = "<group>";
		};
		FF8EBC572A40A5A1002825C6 /* ViewModel */ = {
			isa = PBXGroup;
			children = (
				FF8EBC5B2A40A5CD002825C6 /* LocationViewModel.swift */,
			);
			path = ViewModel;
			sourceTree = "<group>";
		};
		FF8EBC582A40A5AC002825C6 /* Model */ = {
			isa = PBXGroup;
			children = (
				FF8EBC592A40A5B7002825C6 /* Location.swift */,
				4BBE40EA2A43361D00C555F3 /* RestaurantModel.swift */,
				4BBE40F42A43406500C555F3 /* FoodModel.swift */,
			);
			path = Model;
			sourceTree = "<group>";
		};
		FF8EBC5D2A40A5DE002825C6 /* View */ = {
			isa = PBXGroup;
			children = (
				4BBE40F32A43404900C555F3 /* Foods */,
				4BBE40EC2A43363A00C555F3 /* Restaurants */,
				FF8EBC5E2A40A5F1002825C6 /* Locations */,
				4B6638492A409C7400F3785C /* ContentView.swift */,
				FF46FA4D2A41D941008A3D28 /* ZoomImage.swift */,
			);
			path = View;
			sourceTree = "<group>";
		};
		FF8EBC5E2A40A5F1002825C6 /* Locations */ = {
			isa = PBXGroup;
			children = (
				FF8EBC5F2A40A60B002825C6 /* LocationsView.swift */,
				FF8EBC612A40A633002825C6 /* LocationsPreviewVIew.swift */,
				FF8EBC632A40A653002825C6 /* LocationMapAnnotationView.swift */,
				FF8EBC652A40A669002825C6 /* LocationDetailView.swift */,
				FF8EBC672A40A6BF002825C6 /* LocationsListView.swift */,
				4BBE40FA2A4342F800C555F3 /* CardsFoodView.swift */,
			);
			path = Locations;
			sourceTree = "<group>";
		};
/* End PBXGroup section */

/* Begin PBXNativeTarget section */
		4B6638432A409C7400F3785C /* PratoAVista */ = {
			isa = PBXNativeTarget;
			buildConfigurationList = 4B6638682A409C7500F3785C /* Build configuration list for PBXNativeTarget "PratoAVista" */;
			buildPhases = (
				4B6638402A409C7400F3785C /* Sources */,
				4B6638412A409C7400F3785C /* Frameworks */,
				4B6638422A409C7400F3785C /* Resources */,
			);
			buildRules = (
			);
			dependencies = (
			);
			name = PratoAVista;
			productName = PratoAVista;
			productReference = 4B6638442A409C7400F3785C /* PratoAVista.app */;
			productType = "com.apple.product-type.application";
		};
		4B6638532A409C7500F3785C /* PratoAVistaTests */ = {
			isa = PBXNativeTarget;
			buildConfigurationList = 4B66386B2A409C7500F3785C /* Build configuration list for PBXNativeTarget "PratoAVistaTests" */;
			buildPhases = (
				4B6638502A409C7500F3785C /* Sources */,
				4B6638512A409C7500F3785C /* Frameworks */,
				4B6638522A409C7500F3785C /* Resources */,
			);
			buildRules = (
			);
			dependencies = (
				4B6638562A409C7500F3785C /* PBXTargetDependency */,
			);
			name = PratoAVistaTests;
			productName = PratoAVistaTests;
			productReference = 4B6638542A409C7500F3785C /* PratoAVistaTests.xctest */;
			productType = "com.apple.product-type.bundle.unit-test";
		};
		4B66385D2A409C7500F3785C /* PratoAVistaUITests */ = {
			isa = PBXNativeTarget;
			buildConfigurationList = 4B66386E2A409C7500F3785C /* Build configuration list for PBXNativeTarget "PratoAVistaUITests" */;
			buildPhases = (
				4B66385A2A409C7500F3785C /* Sources */,
				4B66385B2A409C7500F3785C /* Frameworks */,
				4B66385C2A409C7500F3785C /* Resources */,
			);
			buildRules = (
			);
			dependencies = (
				4B6638602A409C7500F3785C /* PBXTargetDependency */,
			);
			name = PratoAVistaUITests;
			productName = PratoAVistaUITests;
			productReference = 4B66385E2A409C7500F3785C /* PratoAVistaUITests.xctest */;
			productType = "com.apple.product-type.bundle.ui-testing";
		};
/* End PBXNativeTarget section */

/* Begin PBXProject section */
		4B66383C2A409C7400F3785C /* Project object */ = {
			isa = PBXProject;
			attributes = {
				BuildIndependentTargetsInParallel = 1;
				LastSwiftUpdateCheck = 1420;
				LastUpgradeCheck = 1420;
				TargetAttributes = {
					4B6638432A409C7400F3785C = {
						CreatedOnToolsVersion = 14.2;
					};
					4B6638532A409C7500F3785C = {
						CreatedOnToolsVersion = 14.2;
						TestTargetID = 4B6638432A409C7400F3785C;
					};
					4B66385D2A409C7500F3785C = {
						CreatedOnToolsVersion = 14.2;
						TestTargetID = 4B6638432A409C7400F3785C;
					};
				};
			};
			buildConfigurationList = 4B66383F2A409C7400F3785C /* Build configuration list for PBXProject "PratoAVista" */;
			compatibilityVersion = "Xcode 14.0";
			developmentRegion = en;
			hasScannedForEncodings = 0;
			knownRegions = (
				en,
				Base,
			);
			mainGroup = 4B66383B2A409C7400F3785C;
			productRefGroup = 4B6638452A409C7400F3785C /* Products */;
			projectDirPath = "";
			projectRoot = "";
			targets = (
				4B6638432A409C7400F3785C /* PratoAVista */,
				4B6638532A409C7500F3785C /* PratoAVistaTests */,
				4B66385D2A409C7500F3785C /* PratoAVistaUITests */,
			);
		};
/* End PBXProject section */

/* Begin PBXResourcesBuildPhase section */
		4B6638422A409C7400F3785C /* Resources */ = {
			isa = PBXResourcesBuildPhase;
			buildActionMask = 2147483647;
			files = (
				4B66384F2A409C7500F3785C /* Preview Assets.xcassets in Resources */,
				4B66384C2A409C7500F3785C /* Assets.xcassets in Resources */,
			);
			runOnlyForDeploymentPostprocessing = 0;
		};
		4B6638522A409C7500F3785C /* Resources */ = {
			isa = PBXResourcesBuildPhase;
			buildActionMask = 2147483647;
			files = (
			);
			runOnlyForDeploymentPostprocessing = 0;
		};
		4B66385C2A409C7500F3785C /* Resources */ = {
			isa = PBXResourcesBuildPhase;
			buildActionMask = 2147483647;
			files = (
			);
			runOnlyForDeploymentPostprocessing = 0;
		};
/* End PBXResourcesBuildPhase section */

/* Begin PBXSourcesBuildPhase section */
		4B6638402A409C7400F3785C /* Sources */ = {
			isa = PBXSourcesBuildPhase;
			buildActionMask = 2147483647;
			files = (
				4BBE40F52A43406500C555F3 /* FoodModel.swift in Sources */,
				4B66384A2A409C7400F3785C /* ContentView.swift in Sources */,
				4B6638482A409C7400F3785C /* PratoAVistaApp.swift in Sources */,
				FF8EBC662A40A669002825C6 /* LocationDetailView.swift in Sources */,
				4BBE40F22A433E9300C555F3 /* RestaurantMockup.swift in Sources */,
				FF8EBC5A2A40A5B7002825C6 /* Location.swift in Sources */,
				FF8EBC602A40A60B002825C6 /* LocationsView.swift in Sources */,
				FF8EBC682A40A6BF002825C6 /* LocationsListView.swift in Sources */,
				FF8EBC622A40A633002825C6 /* LocationsPreviewVIew.swift in Sources */,
				4BBE40EE2A43365100C555F3 /* RestaurantCard.swift in Sources */,
				4BBE40FB2A4342F800C555F3 /* CardsFoodView.swift in Sources */,
				FF8EBC5C2A40A5CD002825C6 /* LocationViewModel.swift in Sources */,
				4BBE40F72A43407B00C555F3 /* FoodCard.swift in Sources */,
				FF46FA4E2A41D941008A3D28 /* ZoomImage.swift in Sources */,
				FF8EBC562A40A58D002825C6 /* LocationsDataService.swift in Sources */,
				4BBE40EB2A43361D00C555F3 /* RestaurantModel.swift in Sources */,
				4BBE40F92A43408A00C555F3 /* FoodMockup.swift in Sources */,
				FF8EBC642A40A653002825C6 /* LocationMapAnnotationView.swift in Sources */,
			);
			runOnlyForDeploymentPostprocessing = 0;
		};
		4B6638502A409C7500F3785C /* Sources */ = {
			isa = PBXSourcesBuildPhase;
			buildActionMask = 2147483647;
			files = (
				4B6638592A409C7500F3785C /* PratoAVistaTests.swift in Sources */,
			);
			runOnlyForDeploymentPostprocessing = 0;
		};
		4B66385A2A409C7500F3785C /* Sources */ = {
			isa = PBXSourcesBuildPhase;
			buildActionMask = 2147483647;
			files = (
				4B6638632A409C7500F3785C /* PratoAVistaUITests.swift in Sources */,
				4B6638652A409C7500F3785C /* PratoAVistaUITestsLaunchTests.swift in Sources */,
			);
			runOnlyForDeploymentPostprocessing = 0;
		};
/* End PBXSourcesBuildPhase section */

/* Begin PBXTargetDependency section */
		4B6638562A409C7500F3785C /* PBXTargetDependency */ = {
			isa = PBXTargetDependency;
			target = 4B6638432A409C7400F3785C /* PratoAVista */;
			targetProxy = 4B6638552A409C7500F3785C /* PBXContainerItemProxy */;
		};
		4B6638602A409C7500F3785C /* PBXTargetDependency */ = {
			isa = PBXTargetDependency;
			target = 4B6638432A409C7400F3785C /* PratoAVista */;
			targetProxy = 4B66385F2A409C7500F3785C /* PBXContainerItemProxy */;
		};
/* End PBXTargetDependency section */

/* Begin XCBuildConfiguration section */
		4B6638662A409C7500F3785C /* Debug */ = {
			isa = XCBuildConfiguration;
			buildSettings = {
				ALWAYS_SEARCH_USER_PATHS = NO;
				CLANG_ANALYZER_NONNULL = YES;
				CLANG_ANALYZER_NUMBER_OBJECT_CONVERSION = YES_AGGRESSIVE;
				CLANG_CXX_LANGUAGE_STANDARD = "gnu++20";
				CLANG_ENABLE_MODULES = YES;
				CLANG_ENABLE_OBJC_ARC = YES;
				CLANG_ENABLE_OBJC_WEAK = YES;
				CLANG_WARN_BLOCK_CAPTURE_AUTORELEASING = YES;
				CLANG_WARN_BOOL_CONVERSION = YES;
				CLANG_WARN_COMMA = YES;
				CLANG_WARN_CONSTANT_CONVERSION = YES;
				CLANG_WARN_DEPRECATED_OBJC_IMPLEMENTATIONS = YES;
				CLANG_WARN_DIRECT_OBJC_ISA_USAGE = YES_ERROR;
				CLANG_WARN_DOCUMENTATION_COMMENTS = YES;
				CLANG_WARN_EMPTY_BODY = YES;
				CLANG_WARN_ENUM_CONVERSION = YES;
				CLANG_WARN_INFINITE_RECURSION = YES;
				CLANG_WARN_INT_CONVERSION = YES;
				CLANG_WARN_NON_LITERAL_NULL_CONVERSION = YES;
				CLANG_WARN_OBJC_IMPLICIT_RETAIN_SELF = YES;
				CLANG_WARN_OBJC_LITERAL_CONVERSION = YES;
				CLANG_WARN_OBJC_ROOT_CLASS = YES_ERROR;
				CLANG_WARN_QUOTED_INCLUDE_IN_FRAMEWORK_HEADER = YES;
				CLANG_WARN_RANGE_LOOP_ANALYSIS = YES;
				CLANG_WARN_STRICT_PROTOTYPES = YES;
				CLANG_WARN_SUSPICIOUS_MOVE = YES;
				CLANG_WARN_UNGUARDED_AVAILABILITY = YES_AGGRESSIVE;
				CLANG_WARN_UNREACHABLE_CODE = YES;
				CLANG_WARN__DUPLICATE_METHOD_MATCH = YES;
				COPY_PHASE_STRIP = NO;
				DEBUG_INFORMATION_FORMAT = dwarf;
				ENABLE_STRICT_OBJC_MSGSEND = YES;
				ENABLE_TESTABILITY = YES;
				GCC_C_LANGUAGE_STANDARD = gnu11;
				GCC_DYNAMIC_NO_PIC = NO;
				GCC_NO_COMMON_BLOCKS = YES;
				GCC_OPTIMIZATION_LEVEL = 0;
				GCC_PREPROCESSOR_DEFINITIONS = (
					"DEBUG=1",
					"$(inherited)",
				);
				GCC_WARN_64_TO_32_BIT_CONVERSION = YES;
				GCC_WARN_ABOUT_RETURN_TYPE = YES_ERROR;
				GCC_WARN_UNDECLARED_SELECTOR = YES;
				GCC_WARN_UNINITIALIZED_AUTOS = YES_AGGRESSIVE;
				GCC_WARN_UNUSED_FUNCTION = YES;
				GCC_WARN_UNUSED_VARIABLE = YES;
				IPHONEOS_DEPLOYMENT_TARGET = 16.2;
				MTL_ENABLE_DEBUG_INFO = INCLUDE_SOURCE;
				MTL_FAST_MATH = YES;
				ONLY_ACTIVE_ARCH = YES;
				SDKROOT = iphoneos;
				SWIFT_ACTIVE_COMPILATION_CONDITIONS = DEBUG;
				SWIFT_OPTIMIZATION_LEVEL = "-Onone";
			};
			name = Debug;
		};
		4B6638672A409C7500F3785C /* Release */ = {
			isa = XCBuildConfiguration;
			buildSettings = {
				ALWAYS_SEARCH_USER_PATHS = NO;
				CLANG_ANALYZER_NONNULL = YES;
				CLANG_ANALYZER_NUMBER_OBJECT_CONVERSION = YES_AGGRESSIVE;
				CLANG_CXX_LANGUAGE_STANDARD = "gnu++20";
				CLANG_ENABLE_MODULES = YES;
				CLANG_ENABLE_OBJC_ARC = YES;
				CLANG_ENABLE_OBJC_WEAK = YES;
				CLANG_WARN_BLOCK_CAPTURE_AUTORELEASING = YES;
				CLANG_WARN_BOOL_CONVERSION = YES;
				CLANG_WARN_COMMA = YES;
				CLANG_WARN_CONSTANT_CONVERSION = YES;
				CLANG_WARN_DEPRECATED_OBJC_IMPLEMENTATIONS = YES;
				CLANG_WARN_DIRECT_OBJC_ISA_USAGE = YES_ERROR;
				CLANG_WARN_DOCUMENTATION_COMMENTS = YES;
				CLANG_WARN_EMPTY_BODY = YES;
				CLANG_WARN_ENUM_CONVERSION = YES;
				CLANG_WARN_INFINITE_RECURSION = YES;
				CLANG_WARN_INT_CONVERSION = YES;
				CLANG_WARN_NON_LITERAL_NULL_CONVERSION = YES;
				CLANG_WARN_OBJC_IMPLICIT_RETAIN_SELF = YES;
				CLANG_WARN_OBJC_LITERAL_CONVERSION = YES;
				CLANG_WARN_OBJC_ROOT_CLASS = YES_ERROR;
				CLANG_WARN_QUOTED_INCLUDE_IN_FRAMEWORK_HEADER = YES;
				CLANG_WARN_RANGE_LOOP_ANALYSIS = YES;
				CLANG_WARN_STRICT_PROTOTYPES = YES;
				CLANG_WARN_SUSPICIOUS_MOVE = YES;
				CLANG_WARN_UNGUARDED_AVAILABILITY = YES_AGGRESSIVE;
				CLANG_WARN_UNREACHABLE_CODE = YES;
				CLANG_WARN__DUPLICATE_METHOD_MATCH = YES;
				COPY_PHASE_STRIP = NO;
				DEBUG_INFORMATION_FORMAT = "dwarf-with-dsym";
				ENABLE_NS_ASSERTIONS = NO;
				ENABLE_STRICT_OBJC_MSGSEND = YES;
				GCC_C_LANGUAGE_STANDARD = gnu11;
				GCC_NO_COMMON_BLOCKS = YES;
				GCC_WARN_64_TO_32_BIT_CONVERSION = YES;
				GCC_WARN_ABOUT_RETURN_TYPE = YES_ERROR;
				GCC_WARN_UNDECLARED_SELECTOR = YES;
				GCC_WARN_UNINITIALIZED_AUTOS = YES_AGGRESSIVE;
				GCC_WARN_UNUSED_FUNCTION = YES;
				GCC_WARN_UNUSED_VARIABLE = YES;
				IPHONEOS_DEPLOYMENT_TARGET = 16.2;
				MTL_ENABLE_DEBUG_INFO = NO;
				MTL_FAST_MATH = YES;
				SDKROOT = iphoneos;
				SWIFT_COMPILATION_MODE = wholemodule;
				SWIFT_OPTIMIZATION_LEVEL = "-O";
				VALIDATE_PRODUCT = YES;
			};
			name = Release;
		};
		4B6638692A409C7500F3785C /* Debug */ = {
			isa = XCBuildConfiguration;
			buildSettings = {
				ASSETCATALOG_COMPILER_APPICON_NAME = AppIcon;
				ASSETCATALOG_COMPILER_GLOBAL_ACCENT_COLOR_NAME = AccentColor;
				CODE_SIGN_ENTITLEMENTS = PratoAVista/PratoAVista.entitlements;
				CODE_SIGN_STYLE = Automatic;
				CURRENT_PROJECT_VERSION = 1;
				DEVELOPMENT_ASSET_PATHS = "\"PratoAVista/Preview Content\"";
				DEVELOPMENT_TEAM = KDV83NBV8H;
				ENABLE_PREVIEWS = YES;
				GENERATE_INFOPLIST_FILE = YES;
				INFOPLIST_KEY_UIApplicationSceneManifest_Generation = YES;
				INFOPLIST_KEY_UIApplicationSupportsIndirectInputEvents = YES;
				INFOPLIST_KEY_UILaunchScreen_Generation = YES;
				INFOPLIST_KEY_UISupportedInterfaceOrientations_iPad = "UIInterfaceOrientationPortrait UIInterfaceOrientationPortraitUpsideDown UIInterfaceOrientationLandscapeLeft UIInterfaceOrientationLandscapeRight";
				INFOPLIST_KEY_UISupportedInterfaceOrientations_iPhone = "UIInterfaceOrientationPortrait UIInterfaceOrientationLandscapeLeft UIInterfaceOrientationLandscapeRight";
				IPHONEOS_DEPLOYMENT_TARGET = 15.0;
				LD_RUNPATH_SEARCH_PATHS = (
					"$(inherited)",
					"@executable_path/Frameworks",
				);
				MARKETING_VERSION = 1.0;
				PRODUCT_BUNDLE_IDENTIFIER = br.com.stephanegirao.PratoAVista;
				PRODUCT_NAME = "$(TARGET_NAME)";
				SWIFT_EMIT_LOC_STRINGS = YES;
				SWIFT_VERSION = 5.0;
				TARGETED_DEVICE_FAMILY = "1,2";
			};
			name = Debug;
		};
		4B66386A2A409C7500F3785C /* Release */ = {
			isa = XCBuildConfiguration;
			buildSettings = {
				ASSETCATALOG_COMPILER_APPICON_NAME = AppIcon;
				ASSETCATALOG_COMPILER_GLOBAL_ACCENT_COLOR_NAME = AccentColor;
				CODE_SIGN_ENTITLEMENTS = PratoAVista/PratoAVista.entitlements;
				CODE_SIGN_STYLE = Automatic;
				CURRENT_PROJECT_VERSION = 1;
				DEVELOPMENT_ASSET_PATHS = "\"PratoAVista/Preview Content\"";
				DEVELOPMENT_TEAM = KDV83NBV8H;
				ENABLE_PREVIEWS = YES;
				GENERATE_INFOPLIST_FILE = YES;
				INFOPLIST_KEY_UIApplicationSceneManifest_Generation = YES;
				INFOPLIST_KEY_UIApplicationSupportsIndirectInputEvents = YES;
				INFOPLIST_KEY_UILaunchScreen_Generation = YES;
				INFOPLIST_KEY_UISupportedInterfaceOrientations_iPad = "UIInterfaceOrientationPortrait UIInterfaceOrientationPortraitUpsideDown UIInterfaceOrientationLandscapeLeft UIInterfaceOrientationLandscapeRight";
				INFOPLIST_KEY_UISupportedInterfaceOrientations_iPhone = "UIInterfaceOrientationPortrait UIInterfaceOrientationLandscapeLeft UIInterfaceOrientationLandscapeRight";
				IPHONEOS_DEPLOYMENT_TARGET = 15.0;
				LD_RUNPATH_SEARCH_PATHS = (
					"$(inherited)",
					"@executable_path/Frameworks",
				);
				MARKETING_VERSION = 1.0;
				PRODUCT_BUNDLE_IDENTIFIER = br.com.stephanegirao.PratoAVista;
				PRODUCT_NAME = "$(TARGET_NAME)";
				SWIFT_EMIT_LOC_STRINGS = YES;
				SWIFT_VERSION = 5.0;
				TARGETED_DEVICE_FAMILY = "1,2";
			};
			name = Release;
		};
		4B66386C2A409C7500F3785C /* Debug */ = {
			isa = XCBuildConfiguration;
			buildSettings = {
				ALWAYS_EMBED_SWIFT_STANDARD_LIBRARIES = YES;
				BUNDLE_LOADER = "$(TEST_HOST)";
				CODE_SIGN_STYLE = Automatic;
				CURRENT_PROJECT_VERSION = 1;
				DEVELOPMENT_TEAM = 826U5T47TW;
				GENERATE_INFOPLIST_FILE = YES;
				IPHONEOS_DEPLOYMENT_TARGET = 16.2;
				MARKETING_VERSION = 1.0;
				PRODUCT_BUNDLE_IDENTIFIER = br.com.stephanegirao.PratoAVistaTests;
				PRODUCT_NAME = "$(TARGET_NAME)";
				SWIFT_EMIT_LOC_STRINGS = NO;
				SWIFT_VERSION = 5.0;
				TARGETED_DEVICE_FAMILY = "1,2";
				TEST_HOST = "$(BUILT_PRODUCTS_DIR)/PratoAVista.app/$(BUNDLE_EXECUTABLE_FOLDER_PATH)/PratoAVista";
			};
			name = Debug;
		};
		4B66386D2A409C7500F3785C /* Release */ = {
			isa = XCBuildConfiguration;
			buildSettings = {
				ALWAYS_EMBED_SWIFT_STANDARD_LIBRARIES = YES;
				BUNDLE_LOADER = "$(TEST_HOST)";
				CODE_SIGN_STYLE = Automatic;
				CURRENT_PROJECT_VERSION = 1;
				DEVELOPMENT_TEAM = 826U5T47TW;
				GENERATE_INFOPLIST_FILE = YES;
				IPHONEOS_DEPLOYMENT_TARGET = 16.2;
				MARKETING_VERSION = 1.0;
				PRODUCT_BUNDLE_IDENTIFIER = br.com.stephanegirao.PratoAVistaTests;
				PRODUCT_NAME = "$(TARGET_NAME)";
				SWIFT_EMIT_LOC_STRINGS = NO;
				SWIFT_VERSION = 5.0;
				TARGETED_DEVICE_FAMILY = "1,2";
				TEST_HOST = "$(BUILT_PRODUCTS_DIR)/PratoAVista.app/$(BUNDLE_EXECUTABLE_FOLDER_PATH)/PratoAVista";
			};
			name = Release;
		};
		4B66386F2A409C7500F3785C /* Debug */ = {
			isa = XCBuildConfiguration;
			buildSettings = {
				ALWAYS_EMBED_SWIFT_STANDARD_LIBRARIES = YES;
				CODE_SIGN_STYLE = Automatic;
				CURRENT_PROJECT_VERSION = 1;
				DEVELOPMENT_TEAM = 826U5T47TW;
				GENERATE_INFOPLIST_FILE = YES;
				MARKETING_VERSION = 1.0;
				PRODUCT_BUNDLE_IDENTIFIER = br.com.stephanegirao.PratoAVistaUITests;
				PRODUCT_NAME = "$(TARGET_NAME)";
				SWIFT_EMIT_LOC_STRINGS = NO;
				SWIFT_VERSION = 5.0;
				TARGETED_DEVICE_FAMILY = "1,2";
				TEST_TARGET_NAME = PratoAVista;
			};
			name = Debug;
		};
		4B6638702A409C7500F3785C /* Release */ = {
			isa = XCBuildConfiguration;
			buildSettings = {
				ALWAYS_EMBED_SWIFT_STANDARD_LIBRARIES = YES;
				CODE_SIGN_STYLE = Automatic;
				CURRENT_PROJECT_VERSION = 1;
				DEVELOPMENT_TEAM = 826U5T47TW;
				GENERATE_INFOPLIST_FILE = YES;
				MARKETING_VERSION = 1.0;
				PRODUCT_BUNDLE_IDENTIFIER = br.com.stephanegirao.PratoAVistaUITests;
				PRODUCT_NAME = "$(TARGET_NAME)";
				SWIFT_EMIT_LOC_STRINGS = NO;
				SWIFT_VERSION = 5.0;
				TARGETED_DEVICE_FAMILY = "1,2";
				TEST_TARGET_NAME = PratoAVista;
			};
			name = Release;
		};
/* End XCBuildConfiguration section */

/* Begin XCConfigurationList section */
		4B66383F2A409C7400F3785C /* Build configuration list for PBXProject "PratoAVista" */ = {
			isa = XCConfigurationList;
			buildConfigurations = (
				4B6638662A409C7500F3785C /* Debug */,
				4B6638672A409C7500F3785C /* Release */,
			);
			defaultConfigurationIsVisible = 0;
			defaultConfigurationName = Release;
		};
		4B6638682A409C7500F3785C /* Build configuration list for PBXNativeTarget "PratoAVista" */ = {
			isa = XCConfigurationList;
			buildConfigurations = (
				4B6638692A409C7500F3785C /* Debug */,
				4B66386A2A409C7500F3785C /* Release */,
			);
			defaultConfigurationIsVisible = 0;
			defaultConfigurationName = Release;
		};
		4B66386B2A409C7500F3785C /* Build configuration list for PBXNativeTarget "PratoAVistaTests" */ = {
			isa = XCConfigurationList;
			buildConfigurations = (
				4B66386C2A409C7500F3785C /* Debug */,
				4B66386D2A409C7500F3785C /* Release */,
			);
			defaultConfigurationIsVisible = 0;
			defaultConfigurationName = Release;
		};
		4B66386E2A409C7500F3785C /* Build configuration list for PBXNativeTarget "PratoAVistaUITests" */ = {
			isa = XCConfigurationList;
			buildConfigurations = (
				4B66386F2A409C7500F3785C /* Debug */,
				4B6638702A409C7500F3785C /* Release */,
			);
			defaultConfigurationIsVisible = 0;
			defaultConfigurationName = Release;
		};
/* End XCConfigurationList section */
	};
	rootObject = 4B66383C2A409C7400F3785C /* Project object */;
}
